// !$*UTF8*$!
{
	archiveVersion = 1;
	classes = {
	};
	objectVersion = 50;
	objects = {

/* Begin PBXBuildFile section */
		503F7D74218FC9CA0032D323 /* AppDelegate.m in Sources */ = {isa = PBXBuildFile; fileRef = 503F7D73218FC9CA0032D323 /* AppDelegate.m */; };
		503F7D77218FC9CA0032D323 /* ViewController.m in Sources */ = {isa = PBXBuildFile; fileRef = 503F7D76218FC9CA0032D323 /* ViewController.m */; };
		503F7D7C218FC9CD0032D323 /* Assets.xcassets in Resources */ = {isa = PBXBuildFile; fileRef = 503F7D7B218FC9CD0032D323 /* Assets.xcassets */; };
		503F7D7F218FC9CD0032D323 /* LaunchScreen.storyboard in Resources */ = {isa = PBXBuildFile; fileRef = 503F7D7D218FC9CD0032D323 /* LaunchScreen.storyboard */; };
		503F7D82218FC9CD0032D323 /* main.m in Sources */ = {isa = PBXBuildFile; fileRef = 503F7D81218FC9CD0032D323 /* main.m */; };
		503F7D92218FCCB40032D323 /* KAKAnimation.m in Sources */ = {isa = PBXBuildFile; fileRef = 503F7D91218FCCB40032D323 /* KAKAnimation.m */; };
		69033C6C7FDFF3A4B448318B /* libPods-Card Transition Demo.a in Frameworks */ = {isa = PBXBuildFile; fileRef = 5DDCDF669B7DBCD5E6F0CE4D /* libPods-Card Transition Demo.a */; };
/* End PBXBuildFile section */

/* Begin PBXFileReference section */
		503F7D6F218FC9CA0032D323 /* Card Transition Demo.app */ = {isa = PBXFileReference; explicitFileType = wrapper.application; includeInIndex = 0; path = "Card Transition Demo.app"; sourceTree = BUILT_PRODUCTS_DIR; };
		503F7D72218FC9CA0032D323 /* AppDelegate.h */ = {isa = PBXFileReference; lastKnownFileType = sourcecode.c.h; path = AppDelegate.h; sourceTree = "<group>"; };
		503F7D73218FC9CA0032D323 /* AppDelegate.m */ = {isa = PBXFileReference; lastKnownFileType = sourcecode.c.objc; path = AppDelegate.m; sourceTree = "<group>"; };
		503F7D75218FC9CA0032D323 /* ViewController.h */ = {isa = PBXFileReference; lastKnownFileType = sourcecode.c.h; path = ViewController.h; sourceTree = "<group>"; };
		503F7D76218FC9CA0032D323 /* ViewController.m */ = {isa = PBXFileReference; lastKnownFileType = sourcecode.c.objc; path = ViewController.m; sourceTree = "<group>"; };
		503F7D7B218FC9CD0032D323 /* Assets.xcassets */ = {isa = PBXFileReference; lastKnownFileType = folder.assetcatalog; path = Assets.xcassets; sourceTree = "<group>"; };
		503F7D7E218FC9CD0032D323 /* Base */ = {isa = PBXFileReference; lastKnownFileType = file.storyboard; name = Base; path = Base.lproj/LaunchScreen.storyboard; sourceTree = "<group>"; };
		503F7D80218FC9CD0032D323 /* Info.plist */ = {isa = PBXFileReference; lastKnownFileType = text.plist.xml; path = Info.plist; sourceTree = "<group>"; };
		503F7D81218FC9CD0032D323 /* main.m */ = {isa = PBXFileReference; lastKnownFileType = sourcecode.c.objc; path = main.m; sourceTree = "<group>"; };
		503F7D90218FCCB40032D323 /* KAKAnimation.h */ = {isa = PBXFileReference; lastKnownFileType = sourcecode.c.h; path = KAKAnimation.h; sourceTree = "<group>"; };
		503F7D91218FCCB40032D323 /* KAKAnimation.m */ = {isa = PBXFileReference; lastKnownFileType = sourcecode.c.objc; path = KAKAnimation.m; sourceTree = "<group>"; };
		5DDCDF669B7DBCD5E6F0CE4D /* libPods-Card Transition Demo.a */ = {isa = PBXFileReference; explicitFileType = archive.ar; includeInIndex = 0; path = "libPods-Card Transition Demo.a"; sourceTree = BUILT_PRODUCTS_DIR; };
		6A953858C13C85738016ECC1 /* Pods-Card Transition Demo.release.xcconfig */ = {isa = PBXFileReference; includeInIndex = 1; lastKnownFileType = text.xcconfig; name = "Pods-Card Transition Demo.release.xcconfig"; path = "Pods/Target Support Files/Pods-Card Transition Demo/Pods-Card Transition Demo.release.xcconfig"; sourceTree = "<group>"; };
		DDF8170174B9101319C910BD /* Pods-Card Transition Demo.debug.xcconfig */ = {isa = PBXFileReference; includeInIndex = 1; lastKnownFileType = text.xcconfig; name = "Pods-Card Transition Demo.debug.xcconfig"; path = "Pods/Target Support Files/Pods-Card Transition Demo/Pods-Card Transition Demo.debug.xcconfig"; sourceTree = "<group>"; };
/* End PBXFileReference section */

/* Begin PBXFrameworksBuildPhase section */
		503F7D6C218FC9CA0032D323 /* Frameworks */ = {
			isa = PBXFrameworksBuildPhase;
			buildActionMask = 2147483647;
			files = (
				69033C6C7FDFF3A4B448318B /* libPods-Card Transition Demo.a in Frameworks */,
			);
			runOnlyForDeploymentPostprocessing = 0;
		};
/* End PBXFrameworksBuildPhase section */

/* Begin PBXGroup section */
		503F7D66218FC9CA0032D323 = {
			isa = PBXGroup;
			children = (
				503F7D71218FC9CA0032D323 /* Card Transition Demo */,
				503F7D70218FC9CA0032D323 /* Products */,
				6EBEFBC7C9A0D903086C3B6F /* Pods */,
				83C5DE32CF460BB130D2BBC3 /* Frameworks */,
			);
			sourceTree = "<group>";
		};
		503F7D70218FC9CA0032D323 /* Products */ = {
			isa = PBXGroup;
			children = (
				503F7D6F218FC9CA0032D323 /* Card Transition Demo.app */,
			);
			name = Products;
			sourceTree = "<group>";
		};
		503F7D71218FC9CA0032D323 /* Card Transition Demo */ = {
			isa = PBXGroup;
			children = (
				503F7D8F218FCA360032D323 /* Animation */,
				503F7D8E218FCA310032D323 /* Controller */,
				503F7D8D218FCA280032D323 /* MISC */,
			);
			path = "Card Transition Demo";
			sourceTree = "<group>";
		};
		503F7D8D218FCA280032D323 /* MISC */ = {
			isa = PBXGroup;
			children = (
				503F7D72218FC9CA0032D323 /* AppDelegate.h */,
				503F7D73218FC9CA0032D323 /* AppDelegate.m */,
				503F7D7B218FC9CD0032D323 /* Assets.xcassets */,
				503F7D7D218FC9CD0032D323 /* LaunchScreen.storyboard */,
				503F7D80218FC9CD0032D323 /* Info.plist */,
				503F7D81218FC9CD0032D323 /* main.m */,
			);
			path = MISC;
			sourceTree = "<group>";
		};
		503F7D8E218FCA310032D323 /* Controller */ = {
			isa = PBXGroup;
			children = (
				503F7D75218FC9CA0032D323 /* ViewController.h */,
				503F7D76218FC9CA0032D323 /* ViewController.m */,
			);
			path = Controller;
			sourceTree = "<group>";
		};
		503F7D8F218FCA360032D323 /* Animation */ = {
			isa = PBXGroup;
			children = (
				503F7D90218FCCB40032D323 /* KAKAnimation.h */,
				503F7D91218FCCB40032D323 /* KAKAnimation.m */,
			);
			path = Animation;
			sourceTree = "<group>";
		};
		6EBEFBC7C9A0D903086C3B6F /* Pods */ = {
			isa = PBXGroup;
			children = (
				DDF8170174B9101319C910BD /* Pods-Card Transition Demo.debug.xcconfig */,
				6A953858C13C85738016ECC1 /* Pods-Card Transition Demo.release.xcconfig */,
			);
			name = Pods;
			sourceTree = "<group>";
		};
		83C5DE32CF460BB130D2BBC3 /* Frameworks */ = {
			isa = PBXGroup;
			children = (
				5DDCDF669B7DBCD5E6F0CE4D /* libPods-Card Transition Demo.a */,
			);
			name = Frameworks;
			sourceTree = "<group>";
		};
/* End PBXGroup section */

/* Begin PBXNativeTarget section */
		503F7D6E218FC9CA0032D323 /* Card Transition Demo */ = {
			isa = PBXNativeTarget;
			buildConfigurationList = 503F7D85218FC9CD0032D323 /* Build configuration list for PBXNativeTarget "Card Transition Demo" */;
			buildPhases = (
				AAE989459B67991D564FE792 /* [CP] Check Pods Manifest.lock */,
				503F7D6B218FC9CA0032D323 /* Sources */,
				503F7D6C218FC9CA0032D323 /* Frameworks */,
				503F7D6D218FC9CA0032D323 /* Resources */,
			);
			buildRules = (
			);
			dependencies = (
			);
			name = "Card Transition Demo";
			productName = "Card Transition Demo";
			productReference = 503F7D6F218FC9CA0032D323 /* Card Transition Demo.app */;
			productType = "com.apple.product-type.application";
		};
/* End PBXNativeTarget section */

/* Begin PBXProject section */
		503F7D67218FC9CA0032D323 /* Project object */ = {
			isa = PBXProject;
			attributes = {
				LastUpgradeCheck = 1010;
				ORGANIZATIONNAME = "Mingfei Huang";
				TargetAttributes = {
					503F7D6E218FC9CA0032D323 = {
						CreatedOnToolsVersion = 10.1;
					};
				};
			};
			buildConfigurationList = 503F7D6A218FC9CA0032D323 /* Build configuration list for PBXProject "Card Transition Demo" */;
			compatibilityVersion = "Xcode 9.3";
			developmentRegion = en;
			hasScannedForEncodings = 0;
			knownRegions = (
				en,
				Base,
			);
			mainGroup = 503F7D66218FC9CA0032D323;
			productRefGroup = 503F7D70218FC9CA0032D323 /* Products */;
			projectDirPath = "";
			projectRoot = "";
			targets = (
				503F7D6E218FC9CA0032D323 /* Card Transition Demo */,
			);
		};
/* End PBXProject section */

/* Begin PBXResourcesBuildPhase section */
		503F7D6D218FC9CA0032D323 /* Resources */ = {
			isa = PBXResourcesBuildPhase;
			buildActionMask = 2147483647;
			files = (
				503F7D7F218FC9CD0032D323 /* LaunchScreen.storyboard in Resources */,
				503F7D7C218FC9CD0032D323 /* Assets.xcassets in Resources */,
			);
			runOnlyForDeploymentPostprocessing = 0;
		};
/* End PBXResourcesBuildPhase section */

/* Begin PBXShellScriptBuildPhase section */
		AAE989459B67991D564FE792 /* [CP] Check Pods Manifest.lock */ = {
			isa = PBXShellScriptBuildPhase;
			buildActionMask = 2147483647;
			files = (
			);
			inputFileListPaths = (
			);
			inputPaths = (
				"${PODS_PODFILE_DIR_PATH}/Podfile.lock",
				"${PODS_ROOT}/Manifest.lock",
			);
			name = "[CP] Check Pods Manifest.lock";
			outputFileListPaths = (
			);
			outputPaths = (
				"$(DERIVED_FILE_DIR)/Pods-Card Transition Demo-checkManifestLockResult.txt",
			);
			runOnlyForDeploymentPostprocessing = 0;
			shellPath = /bin/sh;
			shellScript = "diff \"${PODS_PODFILE_DIR_PATH}/Podfile.lock\" \"${PODS_ROOT}/Manifest.lock\" > /dev/null\nif [ $? != 0 ] ; then\n    # print error to STDERR\n    echo \"error: The sandbox is not in sync with the Podfile.lock. Run 'pod install' or update your CocoaPods installation.\" >&2\n    exit 1\nfi\n# This output is used by Xcode 'outputs' to avoid re-running this script phase.\necho \"SUCCESS\" > \"${SCRIPT_OUTPUT_FILE_0}\"\n";
			showEnvVarsInLog = 0;
		};
/* End PBXShellScriptBuildPhase section */

/* Begin PBXSourcesBuildPhase section */
		503F7D6B218FC9CA0032D323 /* Sources */ = {
			isa = PBXSourcesBuildPhase;
			buildActionMask = 2147483647;
			files = (
				503F7D92218FCCB40032D323 /* KAKAnimation.m in Sources */,
				503F7D77218FC9CA0032D323 /* ViewController.m in Sources */,
				503F7D82218FC9CD0032D323 /* main.m in Sources */,
				503F7D74218FC9CA0032D323 /* AppDelegate.m in Sources */,
			);
			runOnlyForDeploymentPostprocessing = 0;
		};
/* End PBXSourcesBuildPhase section */

/* Begin PBXVariantGroup section */
		503F7D7D218FC9CD0032D323 /* LaunchScreen.storyboard */ = {
			isa = PBXVariantGroup;
			children = (
				503F7D7E218FC9CD0032D323 /* Base */,
			);
			name = LaunchScreen.storyboard;
			sourceTree = "<group>";
		};
/* End PBXVariantGroup section */

/* Begin XCBuildConfiguration section */
		503F7D83218FC9CD0032D323 /* Debug */ = {
			isa = XCBuildConfiguration;
			buildSettings = {
				ALWAYS_SEARCH_USER_PATHS = NO;
				CLANG_ANALYZER_NONNULL = YES;
				CLANG_ANALYZER_NUMBER_OBJECT_CONVERSION = YES_AGGRESSIVE;
				CLANG_CXX_LANGUAGE_STANDARD = "gnu++14";
				CLANG_CXX_LIBRARY = "libc++";
				CLANG_ENABLE_MODULES = YES;
				CLANG_ENABLE_OBJC_ARC = YES;
				CLANG_ENABLE_OBJC_WEAK = YES;
				CLANG_WARN_BLOCK_CAPTURE_AUTORELEASING = YES;
				CLANG_WARN_BOOL_CONVERSION = YES;
				CLANG_WARN_COMMA = YES;
				CLANG_WARN_CONSTANT_CONVERSION = YES;
				CLANG_WARN_DEPRECATED_OBJC_IMPLEMENTATIONS = YES;
				CLANG_WARN_DIRECT_OBJC_ISA_USAGE = YES_ERROR;
				CLANG_WARN_DOCUMENTATION_COMMENTS = YES;
				CLANG_WARN_EMPTY_BODY = YES;
				CLANG_WARN_ENUM_CONVERSION = YES;
				CLANG_WARN_INFINITE_RECURSION = YES;
				CLANG_WARN_INT_CONVERSION = YES;
				CLANG_WARN_NON_LITERAL_NULL_CONVERSION = YES;
				CLANG_WARN_OBJC_IMPLICIT_RETAIN_SELF = YES;
				CLANG_WARN_OBJC_LITERAL_CONVERSION = YES;
				CLANG_WARN_OBJC_ROOT_CLASS = YES_ERROR;
				CLANG_WARN_RANGE_LOOP_ANALYSIS = YES;
				CLANG_WARN_STRICT_PROTOTYPES = YES;
				CLANG_WARN_SUSPICIOUS_MOVE = YES;
				CLANG_WARN_UNGUARDED_AVAILABILITY = YES_AGGRESSIVE;
				CLANG_WARN_UNREACHABLE_CODE = YES;
				CLANG_WARN__DUPLICATE_METHOD_MATCH = YES;
				CODE_SIGN_IDENTITY = "iPhone Developer";
				COPY_PHASE_STRIP = NO;
				DEBUG_INFORMATION_FORMAT = dwarf;
				ENABLE_STRICT_OBJC_MSGSEND = YES;
				ENABLE_TESTABILITY = YES;
				GCC_C_LANGUAGE_STANDARD = gnu11;
				GCC_DYNAMIC_NO_PIC = NO;
				GCC_NO_COMMON_BLOCKS = YES;
				GCC_OPTIMIZATION_LEVEL = 0;
				GCC_PREPROCESSOR_DEFINITIONS = (
					"DEBUG=1",
					"$(inherited)",
				);
				GCC_WARN_64_TO_32_BIT_CONVERSION = YES;
				GCC_WARN_ABOUT_RETURN_TYPE = YES_ERROR;
				GCC_WARN_UNDECLARED_SELECTOR = YES;
				GCC_WARN_UNINITIALIZED_AUTOS = YES_AGGRESSIVE;
				GCC_WARN_UNUSED_FUNCTION = YES;
				GCC_WARN_UNUSED_VARIABLE = YES;
				IPHONEOS_DEPLOYMENT_TARGET = 12.1;
				MTL_ENABLE_DEBUG_INFO = INCLUDE_SOURCE;
				MTL_FAST_MATH = YES;
				ONLY_ACTIVE_ARCH = YES;
				SDKROOT = iphoneos;
			};
			name = Debug;
		};
		503F7D84218FC9CD0032D323 /* Release */ = {
			isa = XCBuildConfiguration;
			buildSettings = {
				ALWAYS_SEARCH_USER_PATHS = NO;
				CLANG_ANALYZER_NONNULL = YES;
				CLANG_ANALYZER_NUMBER_OBJECT_CONVERSION = YES_AGGRESSIVE;
				CLANG_CXX_LANGUAGE_STANDARD = "gnu++14";
				CLANG_CXX_LIBRARY = "libc++";
				CLANG_ENABLE_MODULES = YES;
				CLANG_ENABLE_OBJC_ARC = YES;
				CLANG_ENABLE_OBJC_WEAK = YES;
				CLANG_WARN_BLOCK_CAPTURE_AUTORELEASING = YES;
				CLANG_WARN_BOOL_CONVERSION = YES;
				CLANG_WARN_COMMA = YES;
				CLANG_WARN_CONSTANT_CONVERSION = YES;
				CLANG_WARN_DEPRECATED_OBJC_IMPLEMENTATIONS = YES;
				CLANG_WARN_DIRECT_OBJC_ISA_USAGE = YES_ERROR;
				CLANG_WARN_DOCUMENTATION_COMMENTS = YES;
				CLANG_WARN_EMPTY_BODY = YES;
				CLANG_WARN_ENUM_CONVERSION = YES;
				CLANG_WARN_INFINITE_RECURSION = YES;
				CLANG_WARN_INT_CONVERSION = YES;
				CLANG_WARN_NON_LITERAL_NULL_CONVERSION = YES;
				CLANG_WARN_OBJC_IMPLICIT_RETAIN_SELF = YES;
				CLANG_WARN_OBJC_LITERAL_CONVERSION = YES;
				CLANG_WARN_OBJC_ROOT_CLASS = YES_ERROR;
				CLANG_WARN_RANGE_LOOP_ANALYSIS = YES;
				CLANG_WARN_STRICT_PROTOTYPES = YES;
				CLANG_WARN_SUSPICIOUS_MOVE = YES;
				CLANG_WARN_UNGUARDED_AVAILABILITY = YES_AGGRESSIVE;
				CLANG_WARN_UNREACHABLE_CODE = YES;
				CLANG_WARN__DUPLICATE_METHOD_MATCH = YES;
				CODE_SIGN_IDENTITY = "iPhone Developer";
				COPY_PHASE_STRIP = NO;
				DEBUG_INFORMATION_FORMAT = "dwarf-with-dsym";
				ENABLE_NS_ASSERTIONS = NO;
				ENABLE_STRICT_OBJC_MSGSEND = YES;
				GCC_C_LANGUAGE_STANDARD = gnu11;
				GCC_NO_COMMON_BLOCKS = YES;
				GCC_WARN_64_TO_32_BIT_CONVERSION = YES;
				GCC_WARN_ABOUT_RETURN_TYPE = YES_ERROR;
				GCC_WARN_UNDECLARED_SELECTOR = YES;
				GCC_WARN_UNINITIALIZED_AUTOS = YES_AGGRESSIVE;
				GCC_WARN_UNUSED_FUNCTION = YES;
				GCC_WARN_UNUSED_VARIABLE = YES;
				IPHONEOS_DEPLOYMENT_TARGET = 12.1;
				MTL_ENABLE_DEBUG_INFO = NO;
				MTL_FAST_MATH = YES;
				SDKROOT = iphoneos;
				VALIDATE_PRODUCT = YES;
			};
			name = Release;
		};
		503F7D86218FC9CD0032D323 /* Debug */ = {
			isa = XCBuildConfiguration;
			baseConfigurationReference = DDF8170174B9101319C910BD /* Pods-Card Transition Demo.debug.xcconfig */;
			buildSettings = {
				ASSETCATALOG_COMPILER_APPICON_NAME = AppIcon;
				CODE_SIGN_STYLE = Automatic;
				DEVELOPMENT_TEAM = X49F69GFN5;
				INFOPLIST_FILE = "$(SRCROOT)/Card Transition Demo/MISC/Info.plist";
				LD_RUNPATH_SEARCH_PATHS = (
					"$(inherited)",
					"@executable_path/Frameworks",
				);
				PRODUCT_BUNDLE_IDENTIFIER = "Mingfei-Huang.Card-Transition-Demo";
				PRODUCT_NAME = "$(TARGET_NAME)";
				TARGETED_DEVICE_FAMILY = "1,2";
			};
			name = Debug;
		};
		503F7D87218FC9CD0032D323 /* Release */ = {
			isa = XCBuildConfiguration;
			baseConfigurationReference = 6A953858C13C85738016ECC1 /* Pods-Card Transition Demo.release.xcconfig */;
			buildSettings = {
				ASSETCATALOG_COMPILER_APPICON_NAME = AppIcon;
				CODE_SIGN_STYLE = Automatic;
				DEVELOPMENT_TEAM = X49F69GFN5;
				INFOPLIST_FILE = "$(SRCROOT)/Card Transition Demo/MISC/Info.plist";
				LD_RUNPATH_SEARCH_PATHS = (
					"$(inherited)",
					"@executable_path/Frameworks",
				);
				PRODUCT_BUNDLE_IDENTIFIER = "Mingfei-Huang.Card-Transition-Demo";
				PRODUCT_NAME = "$(TARGET_NAME)";
				TARGETED_DEVICE_FAMILY = "1,2";
			};
			name = Release;
		};
/* End XCBuildConfiguration section */

/* Begin XCConfigurationList section */
		503F7D6A218FC9CA0032D323 /* Build configuration list for PBXProject "Card Transition Demo" */ = {
			isa = XCConfigurationList;
			buildConfigurations = (
				503F7D83218FC9CD0032D323 /* Debug */,
				503F7D84218FC9CD0032D323 /* Release */,
			);
			defaultConfigurationIsVisible = 0;
			defaultConfigurationName = Release;
		};
		503F7D85218FC9CD0032D323 /* Build configuration list for PBXNativeTarget "Card Transition Demo" */ = {
			isa = XCConfigurationList;
			buildConfigurations = (
				503F7D86218FC9CD0032D323 /* Debug */,
				503F7D87218FC9CD0032D323 /* Release */,
			);
			defaultConfigurationIsVisible = 0;
			defaultConfigurationName = Release;
		};
/* End XCConfigurationList section */
	};
	rootObject = 503F7D67218FC9CA0032D323 /* Project object */;
}
